
Microsoft Visual Studio Solution File, Format Version 12.00
# Visual Studio Version 17
VisualStudioVersion = 17.0.32014.148
MinimumVisualStudioVersion = 10.0.40219.1
Project("{FAE04EC0-301F-11D3-BF4B-00C04F79EFBC}") = "BookAPIProject", "BookAPIProject\BookAPIProject.csproj", "{9EF86048-40B2-4E27-B2B0-8D4DB43ACAA1}"
EndProject
Global
	GlobalSection(SolutionConfigurationPlatforms) = preSolution
		Debug|Any CPU = Debug|Any CPU
		Release|Any CPU = Release|Any CPU
	EndGlobalSection
	GlobalSection(ProjectConfigurationPlatforms) = postSolution
		{9EF86048-40B2-4E27-B2B0-8D4DB43ACAA1}.Debug|Any CPU.ActiveCfg = Debug|Any CPU
		{9EF86048-40B2-4E27-B2B0-8D4DB43ACAA1}.Debug|Any CPU.Build.0 = Debug|Any CPU
		{9EF86048-40B2-4E27-B2B0-8D4DB43ACAA1}.Release|Any CPU.ActiveCfg = Release|Any CPU
		{9EF86048-40B2-4E27-B2B0-8D4DB43ACAA1}.Release|Any CPU.Build.0 = Release|Any CPU
	EndGlobalSection
	GlobalSection(SolutionProperties) = preSolution
		HideSolutionNode = FALSE
	EndGlobalSection
	GlobalSection(ExtensibilityGlobals) = postSolution
		SolutionGuid = {CF0676C8-269C-4C1A-BF67-EBE68964C674}
	EndGlobalSection
EndGlobal
